hash: c31163e5926a0e4f55ad125c7a09dff97e2517fb7c2cb0f1e50312c30ff18c11
updated: 2018-02-04T12:49:08.043059+01:00
imports:
- name: github.com/go-kit/kit
  version: 953e747656a7bbb5e1f998608b460458958b70cc
  subpackages:
  - log
  - log/level
  - log/term
- name: github.com/go-logfmt/logfmt
  version: 390ab7935ee28ec6b286364bba9b4dd6410cb3d5
- name: github.com/go-playground/locales
  version: e4cbcb5d0652150d40ad0646651076b6bd2be4f6
  subpackages:
  - currency
- name: github.com/go-playground/universal-translator
  version: 71201497bace774495daed26a3874fd339e0b538
- name: github.com/go-stack/stack
  version: 259ab82a6cad3992b4e21ff5cac294ccb06474bc
- name: github.com/gogo/protobuf
  version: 342cbe0a04158f6dcb03ca0079991a51a4248c02
  subpackages:
  - gogoproto
  - jsonpb
  - proto
  - protoc-gen-gogo/descriptor
  - sortkeys
  - types
- name: github.com/golang/protobuf
  version: 1e59b77b52bf8e4b449a57e6f79f21226d571845
  subpackages:
  - proto
  - ptypes
  - ptypes/any
  - ptypes/duration
  - ptypes/timestamp
- name: github.com/golang/snappy
  version: 553a641470496b2327abcac10b36396bd98e45c9
- name: github.com/jmhodges/levigo
  version: c42d9e0ca023e2198120196f842701bb4c55d7b9
- name: github.com/kr/logfmt
  version: b84e30acd515aadc4b783ad4ff83aff3299bdfe0
- name: github.com/mitchellh/go-homedir
  version: b8bc1bf767474819792c23f32d8286a45736f1c6
- name: github.com/mitchellh/mapstructure
  version: 06020f85339e21b2478f756a78e295255ffa4d6a
- name: github.com/pkg/errors
  version: 645ef00459ed84a119197bfb8d8205042c6df63d
- name: github.com/spf13/cobra
  version: 7b2c5ac9fc04fc5efafb60700713d4fa609b777b
- name: github.com/spf13/viper
  version: 25b30aa063fc18e48662b86996252eabdcf2f0c7
- name: github.com/syndtr/goleveldb
  version: 34011bf325bce385408353a30b101fe5e923eb6e
  subpackages:
  - leveldb
  - leveldb/cache
  - leveldb/comparer
  - leveldb/errors
  - leveldb/filter
  - leveldb/iterator
  - leveldb/journal
  - leveldb/memdb
  - leveldb/opt
  - leveldb/storage
  - leveldb/table
  - leveldb/util
- name: github.com/tendermint/abci
  version: 5d5ea6869b91cadb55dbc4211ad7b326f053a33e
  subpackages:
  - example/code
  - server
  - types
- name: github.com/tendermint/go-wire
  version: b6fc872b42d41158a60307db4da051dd6f179415
  subpackages:
  - data
- name: github.com/tendermint/iavl
  version: 594cc0c062a7174475f0ab654384038d77067917
- name: github.com/tendermint/merkleeyes
  version: 102aaf5a8ffda1846413fb22805a94def2045b9f
  subpackages:
  - iavl
- name: github.com/tendermint/tendermint
  version: 381fe19335ba8825e04d1d0fefa5cac709bb7178
  subpackages:
  - rpc/client
  - types
- name: github.com/tendermint/tmlibs
  version: 91b4b534ad78e442192c8175db92a06a51064064
  subpackages:
  - common
  - db
  - log
  - merkle
- name: github.com/trusch/storage
  version: 4e62dbc655f6b8ec089a8522a24ea2ddc4aa1871
  subpackages:
  - filter/encryption/ecdhe
- name: golang.org/x/crypto
  version: 95a4943f35d008beabde8c11e5075a1b714e6419
  subpackages:
  - ripemd160
  - sha3
- name: golang.org/x/net
  version: d866cfc389cec985d6fda2859936a575a55a3ab6
  subpackages:
  - context
  - http2
  - http2/hpack
  - idna
  - internal/timeseries
  - lex/httplex
  - trace
- name: golang.org/x/text
  version: e19ae1496984b1c655b8044a65c0300a3c878dd3
  subpackages:
  - secure/bidirule
  - transform
  - unicode/bidi
  - unicode/norm
- name: google.golang.org/genproto
  version: a8101f21cf983e773d0c1133ebc5424792003214
  subpackages:
  - googleapis/rpc/status
- name: google.golang.org/grpc
  version: 401e0e00e4bb830a10496d64cd95e068c5bf50de
  subpackages:
  - balancer
  - codes
  - connectivity
  - credentials
  - grpclb/grpc_lb_v1/messages
  - grpclog
  - internal
  - keepalive
  - metadata
  - naming
  - peer
  - resolver
  - stats
  - status
  - tap
  - transport
- name: gopkg.in/go-playground/validator.v9
  version: b1f51f36f1c98cc97f777d6fc9d4b05eaa0cabb5
- name: gopkg.in/yaml.v2
  version: 287cf08546ab5e7e37d55a84f7ed3fd1db036de5
testImports:
- name: github.com/onsi/ginkgo
  version: 9eda700730cba42af70d53180f9dcce9266bc2bc
- name: github.com/onsi/gomega
  version: 003f63b7f4cff3fc95357005358af2de0f5fe152
